
Microsoft Visual Studio Solution File, Format Version 12.00
# Visual Studio Version 17
VisualStudioVersion = 17.0.31903.59
MinimumVisualStudioVersion = 10.0.40219.1
Project("{FAE04EC0-301F-11D3-BF4B-00C04F79EFBC}") = "FreakLete", "..\FreakLete.csproj", "{F7B6B410-319E-413D-BD79-E1986BEEE6C1}"
EndProject
Project("{FAE04EC0-301F-11D3-BF4B-00C04F79EFBC}") = "FreakLete.Core", "..\FreakLete.Core\FreakLete.Core.csproj", "{C5852C81-BEC8-4D13-9051-608F62C4A942}"
EndProject
Project("{FAE04EC0-301F-11D3-BF4B-00C04F79EFBC}") = "FreakLete.Core.Tests", "..\FreakLete.Core.Tests\FreakLete.Core.Tests.csproj", "{DAF16A6B-7AEC-4502-8EE4-CC78BEFDEC71}"
EndProject
Project("{FAE04EC0-301F-11D3-BF4B-00C04F79EFBC}") = "FreakLete.Api", "..\FreakLete.Api\FreakLete.Api.csproj", "{B84879F1-52B8-458A-94BF-73450138A7F0}"
EndProject
Global
	GlobalSection(SolutionConfigurationPlatforms) = preSolution
		Debug|Any CPU = Debug|Any CPU
		Debug|x64 = Debug|x64
		Debug|x86 = Debug|x86
		Release|Any CPU = Release|Any CPU
		Release|x64 = Release|x64
		Release|x86 = Release|x86
	EndGlobalSection
	GlobalSection(ProjectConfigurationPlatforms) = postSolution
		{F7B6B410-319E-413D-BD79-E1986BEEE6C1}.Debug|Any CPU.ActiveCfg = Debug|Any CPU
		{F7B6B410-319E-413D-BD79-E1986BEEE6C1}.Debug|Any CPU.Build.0 = Debug|Any CPU
		{F7B6B410-319E-413D-BD79-E1986BEEE6C1}.Debug|x64.ActiveCfg = Debug|Any CPU
		{F7B6B410-319E-413D-BD79-E1986BEEE6C1}.Debug|x64.Build.0 = Debug|Any CPU
		{F7B6B410-319E-413D-BD79-E1986BEEE6C1}.Debug|x86.ActiveCfg = Debug|Any CPU
		{F7B6B410-319E-413D-BD79-E1986BEEE6C1}.Debug|x86.Build.0 = Debug|Any CPU
		{F7B6B410-319E-413D-BD79-E1986BEEE6C1}.Release|Any CPU.ActiveCfg = Release|Any CPU
		{F7B6B410-319E-413D-BD79-E1986BEEE6C1}.Release|Any CPU.Build.0 = Release|Any CPU
		{F7B6B410-319E-413D-BD79-E1986BEEE6C1}.Release|x64.ActiveCfg = Release|Any CPU
		{F7B6B410-319E-413D-BD79-E1986BEEE6C1}.Release|x64.Build.0 = Release|Any CPU
		{F7B6B410-319E-413D-BD79-E1986BEEE6C1}.Release|x86.ActiveCfg = Release|Any CPU
		{F7B6B410-319E-413D-BD79-E1986BEEE6C1}.Release|x86.Build.0 = Release|Any CPU
		{C5852C81-BEC8-4D13-9051-608F62C4A942}.Debug|Any CPU.ActiveCfg = Debug|Any CPU
		{C5852C81-BEC8-4D13-9051-608F62C4A942}.Debug|Any CPU.Build.0 = Debug|Any CPU
		{C5852C81-BEC8-4D13-9051-608F62C4A942}.Debug|x64.ActiveCfg = Debug|Any CPU
		{C5852C81-BEC8-4D13-9051-608F62C4A942}.Debug|x64.Build.0 = Debug|Any CPU
		{C5852C81-BEC8-4D13-9051-608F62C4A942}.Debug|x86.ActiveCfg = Debug|Any CPU
		{C5852C81-BEC8-4D13-9051-608F62C4A942}.Debug|x86.Build.0 = Debug|Any CPU
		{C5852C81-BEC8-4D13-9051-608F62C4A942}.Release|Any CPU.ActiveCfg = Release|Any CPU
		{C5852C81-BEC8-4D13-9051-608F62C4A942}.Release|Any CPU.Build.0 = Release|Any CPU
		{C5852C81-BEC8-4D13-9051-608F62C4A942}.Release|x64.ActiveCfg = Release|Any CPU
		{C5852C81-BEC8-4D13-9051-608F62C4A942}.Release|x64.Build.0 = Release|Any CPU
		{C5852C81-BEC8-4D13-9051-608F62C4A942}.Release|x86.ActiveCfg = Release|Any CPU
		{C5852C81-BEC8-4D13-9051-608F62C4A942}.Release|x86.Build.0 = Release|Any CPU
		{DAF16A6B-7AEC-4502-8EE4-CC78BEFDEC71}.Debug|Any CPU.ActiveCfg = Debug|Any CPU
		{DAF16A6B-7AEC-4502-8EE4-CC78BEFDEC71}.Debug|Any CPU.Build.0 = Debug|Any CPU
		{DAF16A6B-7AEC-4502-8EE4-CC78BEFDEC71}.Debug|x64.ActiveCfg = Debug|Any CPU
		{DAF16A6B-7AEC-4502-8EE4-CC78BEFDEC71}.Debug|x64.Build.0 = Debug|Any CPU
		{DAF16A6B-7AEC-4502-8EE4-CC78BEFDEC71}.Debug|x86.ActiveCfg = Debug|Any CPU
		{DAF16A6B-7AEC-4502-8EE4-CC78BEFDEC71}.Debug|x86.Build.0 = Debug|Any CPU
		{DAF16A6B-7AEC-4502-8EE4-CC78BEFDEC71}.Release|Any CPU.ActiveCfg = Release|Any CPU
		{DAF16A6B-7AEC-4502-8EE4-CC78BEFDEC71}.Release|Any CPU.Build.0 = Release|Any CPU
		{DAF16A6B-7AEC-4502-8EE4-CC78BEFDEC71}.Release|x64.ActiveCfg = Release|Any CPU
		{DAF16A6B-7AEC-4502-8EE4-CC78BEFDEC71}.Release|x64.Build.0 = Release|Any CPU
		{DAF16A6B-7AEC-4502-8EE4-CC78BEFDEC71}.Release|x86.ActiveCfg = Release|Any CPU
		{DAF16A6B-7AEC-4502-8EE4-CC78BEFDEC71}.Release|x86.Build.0 = Release|Any CPU
		{B84879F1-52B8-458A-94BF-73450138A7F0}.Debug|Any CPU.ActiveCfg = Debug|Any CPU
		{B84879F1-52B8-458A-94BF-73450138A7F0}.Debug|Any CPU.Build.0 = Debug|Any CPU
		{B84879F1-52B8-458A-94BF-73450138A7F0}.Debug|x64.ActiveCfg = Debug|Any CPU
		{B84879F1-52B8-458A-94BF-73450138A7F0}.Debug|x64.Build.0 = Debug|Any CPU
		{B84879F1-52B8-458A-94BF-73450138A7F0}.Debug|x86.ActiveCfg = Debug|Any CPU
		{B84879F1-52B8-458A-94BF-73450138A7F0}.Debug|x86.Build.0 = Debug|Any CPU
		{B84879F1-52B8-458A-94BF-73450138A7F0}.Release|Any CPU.ActiveCfg = Release|Any CPU
		{B84879F1-52B8-458A-94BF-73450138A7F0}.Release|Any CPU.Build.0 = Release|Any CPU
		{B84879F1-52B8-458A-94BF-73450138A7F0}.Release|x64.ActiveCfg = Release|Any CPU
		{B84879F1-52B8-458A-94BF-73450138A7F0}.Release|x64.Build.0 = Release|Any CPU
		{B84879F1-52B8-458A-94BF-73450138A7F0}.Release|x86.ActiveCfg = Release|Any CPU
		{B84879F1-52B8-458A-94BF-73450138A7F0}.Release|x86.Build.0 = Release|Any CPU
	EndGlobalSection
	GlobalSection(SolutionProperties) = preSolution
		HideSolutionNode = FALSE
	EndGlobalSection
EndGlobal
